
Microsoft Visual Studio Solution File, Format Version 12.00
# Visual Studio 15
VisualStudioVersion = 15.0.28307.1321
MinimumVisualStudioVersion = 10.0.40219.1
Project("{FAE04EC0-301F-11D3-BF4B-00C04F79EFBC}") = "TestUngDung", "TestUngDung\TestUngDung.csproj", "{3F07F1DD-1F5C-4CDC-A5B8-A0A1261C6520}"
EndProject
Project("{FAE04EC0-301F-11D3-BF4B-00C04F79EFBC}") = "ModelEF", "ModelEF\ModelEF.csproj", "{CA621DA9-4EFE-4662-B913-8FE234203489}"
EndProject
Global
	GlobalSection(SolutionConfigurationPlatforms) = preSolution
		Debug|Any CPU = Debug|Any CPU
		Release|Any CPU = Release|Any CPU
	EndGlobalSection
	GlobalSection(ProjectConfigurationPlatforms) = postSolution
		{3F07F1DD-1F5C-4CDC-A5B8-A0A1261C6520}.Debug|Any CPU.ActiveCfg = Debug|Any CPU
		{3F07F1DD-1F5C-4CDC-A5B8-A0A1261C6520}.Debug|Any CPU.Build.0 = Debug|Any CPU
		{3F07F1DD-1F5C-4CDC-A5B8-A0A1261C6520}.Release|Any CPU.ActiveCfg = Release|Any CPU
		{3F07F1DD-1F5C-4CDC-A5B8-A0A1261C6520}.Release|Any CPU.Build.0 = Release|Any CPU
		{CA621DA9-4EFE-4662-B913-8FE234203489}.Debug|Any CPU.ActiveCfg = Debug|Any CPU
		{CA621DA9-4EFE-4662-B913-8FE234203489}.Debug|Any CPU.Build.0 = Debug|Any CPU
		{CA621DA9-4EFE-4662-B913-8FE234203489}.Release|Any CPU.ActiveCfg = Release|Any CPU
		{CA621DA9-4EFE-4662-B913-8FE234203489}.Release|Any CPU.Build.0 = Release|Any CPU
	EndGlobalSection
	GlobalSection(SolutionProperties) = preSolution
		HideSolutionNode = FALSE
	EndGlobalSection
	GlobalSection(ExtensibilityGlobals) = postSolution
		SolutionGuid = {BAC2CD52-E25B-4895-A4AA-BFD2E1B717B6}
	EndGlobalSection
EndGlobal
